github.com/AdaLogics/go-fuzz-headers v0.0.0-20240806141605-e8a1dd7889d6 h1:He8afgbRMd7mFxO99hRNu+6tazq8nFF9lIwo9JFroBk=
github.com/AdaLogics/go-fuzz-headers v0.0.0-20240806141605-e8a1dd7889d6/go.mod h1:8o94RPi1/7XTJvwPpRSzSUedZrtlirdB3r9Z20bi2f8=
github.com/Azure/go-ansiterm v0.0.0-20210617225240-d185dfc1b5a1 h1:UQHMgLO+TxOElx5B5HZ4hJQsoJ/PvUvKRhJHDQXO8P8=
github.com/Azure/go-ansiterm v0.0.0-20210617225240-d185dfc1b5a1/go.mod h1:xomTg63KZ2rFqZQzSB4Vz2SUXa1BpHTVz9L5PTmPC4E=
github.com/Microsoft/go-winio v0.6.2 h1:F2VQgta7ecxGYO8k3ZZz3RS8fVIXVxONVUPlNERoyfY=
github.com/Microsoft/go-winio v0.6.2/go.mod h1:yd8OoFMLzJbo9gZq8j5qaps8bJ9aShtEA8Ipt1oGCvU=
github.com/aws/aws-sdk-go-v2 v1.2.0/go.mod h1:zEQs02YRBw1DjK0PoJv3ygDYOFTre1ejlJWl8FwAuQo=
github.com/aws/aws-sdk-go-v2 v1.7.0/go.mod h1:tb9wi5s61kTDA5qCkcDbt3KRVV74GGslQkl/DRdX/P4=
github.com/aws/aws-sdk-go-v2 v1.39.4 h1:qTsQKcdQPHnfGYBBs+Btl8QwxJeoWcOcPcixK90mRhg=
github.com/aws/aws-sdk-go-v2 v1.39.4/go.mod h1:yWSxrnioGUZ4WVv9TgMrNUeLV3PFESn/v+6T/Su8gnM=
github.com/aws/aws-sdk-go-v2/config v1.1.1 h1:ZAoq32boMzcaTW9bcUacBswAmHTbvlvDJICgHFZuECo=
github.com/aws/aws-sdk-go-v2/config v1.1.1/go.mod h1:0XsVy9lBI/BCXm+2Tuvt39YmdHwS5unDQmxZOYe8F5Y=
github.com/aws/aws-sdk-go-v2/credentials v1.1.1 h1:NbvWIM1Mx6sNPTxowHgS2ewXCRp+NGTzUYb/96FZJbY=
github.com/aws/aws-sdk-go-v2/credentials v1.1.1/go.mod h1:mM2iIjwl7LULWtS6JCACyInboHirisUUdkBPoTHMOUo=
github.com/aws/aws-sdk-go-v2/feature/ec2/imds v1.0.2 h1:EtEU7WRaWliitZh2nmuxEXrN0Cb8EgPUFGIoTMeqbzI=
github.com/aws/aws-sdk-go-v2/feature/ec2/imds v1.0.2/go.mod h1:3hGg3PpiEjHnrkrlasTfxFqUsZ2GCk/fMUn4CbKgSkM=
github.com/aws/aws-sdk-go-v2/internal/configsources v1.4.11 h1:7AANQZkF3ihM8fbdftpjhken0TP9sBzFbV/Ze/Y4HXA=
github.com/aws/aws-sdk-go-v2/internal/configsources v1.4.11/go.mod h1:NTF4QCGkm6fzVwncpkFQqoquQyOolcyXfbpC98urj+c=
github.com/aws/aws-sdk-go-v2/internal/endpoints/v2 v2.7.11 h1:ShdtWUZT37LCAA4Mw2kJAJtzaszfSHFb5n25sdcv4YE=
github.com/aws/aws-sdk-go-v2/internal/endpoints/v2 v2.7.11/go.mod h1:7bUb2sSr2MZ3M/N+VyETLTQtInemHXb/Fl3s8CLzm0Y=
github.com/aws/aws-sdk-go-v2/internal/ini v1.1.0 h1:DJq/vXXF+LAFaa/kQX9C6arlf4xX4uaaqGWIyAKOCpM=
github.com/aws/aws-sdk-go-v2/internal/ini v1.1.0/go.mod h1:qGQ/9IfkZonRNSNLE99/yBJ7EPA/h8jlWEqtJCcaj+Q=
github.com/aws/aws-sdk-go-v2/service/ecr v1.1.1 h1:idXCsD7Rl3LtE/MFFw81a1C1tVRSP3AOnv96U0TsRUo=
github.com/aws/aws-sdk-go-v2/service/ecr v1.1.1/go.mod h1:NGFCwbEd03lj5kwG8vO5qS5m4CfvHE4ir3pA5ozrlUM=
github.com/aws/aws-sdk-go-v2/service/ecrpublic v1.38.0 h1:xdIpcp+pl397CJHemq9eQR8N9+Je2PqL3gEfiCPqUZY=
github.com/aws/aws-sdk-go-v2/service/ecrpublic v1.38.0/go.mod h1:qhALTuHDgpcF+w54wQnJJf/+oHfhdiH9vGsffA+ZSgE=
github.com/aws/aws-sdk-go-v2/service/internal/presigned-url v1.0.2 h1:4AH9fFjUlVktQMznF+YN33aWNXaR4VgDXyP28qokJC0=
github.com/aws/aws-sdk-go-v2/service/internal/presigned-url v1.0.2/go.mod h1:45MfaXZ0cNbeuT0KQ1XJylq8A6+OpVV2E5kvY/Kq+u8=
github.com/aws/aws-sdk-go-v2/service/sso v1.1.1 h1:37QubsarExl5ZuCBlnRP+7l1tNwZPBSTqpTBrPH98RU=
github.com/aws/aws-sdk-go-v2/service/sso v1.1.1/go.mod h1:SuZJxklHxLAXgLTc1iFXbEWkXs7QRTQpCLGaKIprQW0=
github.com/aws/aws-sdk-go-v2/service/sts v1.1.1 h1:TJoIfnIFubCX0ACVeJ0w46HEH5MwjwYN4iFhuYIhfIY=
github.com/aws/aws-sdk-go-v2/service/sts v1.1.1/go.mod h1:Wi0EBZwiz/K44YliU0EKxqTCJGUfYTWXrrBwkq736bM=
github.com/aws/smithy-go v1.1.0/go.mod h1:EzMw8dbp/YJL4A5/sbhGddag+NPT7q084agLbB9LgIw=
github.com/aws/smithy-go v1.5.0/go.mod h1:SObp3lf9smib00L/v3U2eAKG8FyQ7iLrJnQiAmR5n+E=
github.com/aws/smithy-go v1.23.1 h1:sLvcH6dfAFwGkHLZ7dGiYF7aK6mg4CgKA/iDKjLDt9M=
github.com/aws/smithy-go v1.23.1/go.mod h1:LEj2LM3rBRQJxPZTB4KuzZkaZYnZPnvgIhb4pu07mx0=
github.com/cenkalti/backoff v2.2.1+incompatible h1:tNowT99t7UNflLxfYYSlKYsBpXdEet03Pg2g16Swow4=
github.com/cenkalti/backoff v2.2.1+incompatible/go.mod h1:90ReRw6GdpyfrHakVjL/QHaoyV4aDUVVkXQJJJ3NXXM=
github.com/containerd/log v0.1.0 h1:TCJt7ioM2cr/tfR8GPbGf9/VRAX8D2B4PjzCpfX540I=
github.com/containerd/log v0.1.0/go.mod h1:VRRf09a7mHDIRezVKTRCrOq78v577GXq3bSa3EhrzVo=
github.com/containerd/stargz-snapshotter/estargz v0.18.1 h1:cy2/lpgBXDA3cDKSyEfNOFMA/c10O1axL69EU7iirO8=
github.com/containerd/stargz-snapshotter/estargz v0.18.1/go.mod h1:ALIEqa7B6oVDsrF37GkGN20SuvG/pIMm7FwP7ZmRb0Q=
github.com/creack/pty v1.1.18 h1:n56/Zwd5o6whRC5PMGretI4IdRLlmBXYNjScPaBgsbY=
github.com/creack/pty v1.1.18/go.mod h1:MOBLtS5ELjhRRrroQr9kyvTxUAFNvYEK993ew/Vr4O4=
github.com/davecgh/go-spew v1.1.0/go.mod h1:J7Y8YcW2NihsgmVo/mv3lAwl/skON4iLHjSsI+c5H38=
github.com/davecgh/go-spew v1.1.1 h1:vj9j/u1bqnvCEfJOwUhtlOARqs3+rkHYY13jYWTU97c=
github.com/davecgh/go-spew v1.1.1/go.mod h1:J7Y8YcW2NihsgmVo/mv3lAwl/skON4iLHjSsI+c5H38=
github.com/docker/cli v29.0.3+incompatible h1:8J+PZIcF2xLd6h5sHPsp5pvvJA+Sr2wGQxHkRl53a1E=
github.com/docker/cli v29.0.3+incompatible/go.mod h1:JLrzqnKDaYBop7H2jaqPtU4hHvMKP+vjCwu2uszcLI8=
github.com/docker/distribution v2.8.3+incompatible h1:AtKxIZ36LoNK51+Z6RpzLpddBirtxJnzDrHLEKxTAYk=
github.com/docker/distribution v2.8.3+incompatible/go.mod h1:J2gT2udsDAN96Uj4KfcMRqY0/ypR+oyYUYmja8H+y+w=
github.com/docker/docker v28.5.2+incompatible h1:DBX0Y0zAjZbSrm1uzOkdr1onVghKaftjlSWt4AFexzM=
github.com/docker/docker v28.5.2+incompatible/go.mod h1:eEKB0N0r5NX/I1kEveEz05bcu8tLC/8azJZsviup8Sk=
github.com/docker/docker-credential-helpers v0.9.4 h1:76ItO69/AP/V4yT9V4uuuItG0B1N8hvt0T0c0NN/DzI=
github.com/docker/docker-credential-helpers v0.9.4/go.mod h1:v1S+hepowrQXITkEfw6o4+BMbGot02wiKpzWhGUZK6c=
github.com/docker/go-connections v0.5.0 h1:USnMq7hx7gwdVZq1L49hLXaFtUdTADjXGp+uj1Br63c=
github.com/docker/go-connections v0.5.0/go.mod h1:ov60Kzw0kKElRwhNs9UlUHAE/F9Fe6GLaXnqyDdmEXc=
github.com/docker/go-units v0.5.0 h1:69rxXcBk27SvSaaxTtLh/8llcHD8vYHT7WSdRZ/jvr4=
github.com/docker/go-units v0.5.0/go.mod h1:fgPhTUdO+D/Jk86RDLlptpiXQzgHJF7gydDDbaIK4Dk=
github.com/fsouza/go-dockerclient v1.12.0 h1:S2f2crEUbBNCFiF06kR/GvioEB8EMsb3Td/bpawD+aU=
github.com/fsouza/go-dockerclient v1.12.0/go.mod h1:YWUtjg8japrqD/80L98nTtCoxQFp5B5wrSsnyeB5lFo=
github.com/google/go-cmp v0.4.1/go.mod h1:v8dTdLbMG2kIc/vJvl+f65V22dbkXbowE6jgT/gNBxE=
github.com/google/go-cmp v0.5.4/go.mod h1:v8dTdLbMG2kIc/vJvl+f65V22dbkXbowE6jgT/gNBxE=
github.com/google/go-cmp v0.7.0 h1:wk8382ETsv4JYUZwIsn6YpYiWiBsYLSJiTsyBybVuN8=
github.com/google/go-cmp v0.7.0/go.mod h1:pXiqmnSA92OHEEa9HXL2W4E7lf9JzCmGVUdgjX3N/iU=
github.com/google/go-containerregistry v0.20.7 h1:24VGNpS0IwrOZ2ms2P1QE3Xa5X9p4phx0aUgzYzHW6I=
github.com/google/go-containerregistry v0.20.7/go.mod h1:Lx5LCZQjLH1QBaMPeGwsME9biPeo1lPx6lbGj/UmzgM=
github.com/google/go-github v17.0.0+incompatible h1:N0LgJ1j65A7kfXrZnUDaYCs/Sf4rEjNlfyDHW9dolSY=
github.com/google/go-github v17.0.0+incompatible/go.mod h1:zLgOLi98H3fifZn+44m+umXrS52loVEgC2AApnigrVQ=
github.com/google/go-querystring v0.0.0-20170111101155-53e6ce116135 h1:zLTLjkaOFEFIOxY5BWLFLwh+cL8vOBW4XJ2aqLE/Tf0=
github.com/google/go-querystring v0.0.0-20170111101155-53e6ce116135/go.mod h1:odCYkC5MyYFN7vkCjXpyrEuKhc/BUO6wN/zVPAxq5ck=
github.com/jmespath/go-jmespath v0.4.0 h1:BEgLn5cpjn8UN1mAw4NjwDrS35OdebyEtFe+9YPoQUg=
github.com/jmespath/go-jmespath v0.4.0/go.mod h1:T8mJZnbsbmF+m6zOOFylbeCJqk5+pHWvzYPziyZiYoo=
github.com/jmespath/go-jmespath/internal/testify v1.5.1 h1:shLQSRRSCCPj3f2gpwzGwWFoC7ycTf1rcQZHOlsJ6N8=
github.com/jmespath/go-jmespath/internal/testify v1.5.1/go.mod h1:L3OGu8Wl2/fWfCI6z80xFu9LTZmf1ZRjMHUOPmWr69U=
github.com/keybase/go-keychain v0.0.1 h1:way+bWYa6lDppZoZcgMbYsvC7GxljxrskdNInRtuthU=
github.com/keybase/go-keychain v0.0.1/go.mod h1:PdEILRW3i9D8JcdM+FmY6RwkHGnhHxXwkPPMeUgOK1k=
github.com/klauspost/compress v1.18.1 h1:bcSGx7UbpBqMChDtsF28Lw6v/G94LPrrbMbdC3JH2co=
github.com/klauspost/compress v1.18.1/go.mod h1:ZQFFVG+MdnR0P+l6wpXgIL4NTtwiKIdBnrBd8Nrxr+0=
github.com/mitchellh/go-homedir v1.1.0 h1:lukF9ziXFxDFPkA1vsr5zpc1XuPDn/wFntq5mG+4E0Y=
github.com/mitchellh/go-homedir v1.1.0/go.mod h1:SfyaCUpYCn1Vlf4IUYiD9fPX4A5wJrkLzIz1N1q0pr0=
github.com/moby/docker-image-spec v1.3.1 h1:jMKff3w6PgbfSa69GfNg+zN/XLhfXJGnEx3Nl2EsFP0=
github.com/moby/docker-image-spec v1.3.1/go.mod h1:eKmb5VW8vQEh/BAr2yvVNvuiJuY6UIocYsFu/DxxRpo=
github.com/moby/go-archive v0.1.0 h1:Kk/5rdW/g+H8NHdJW2gsXyZ7UnzvJNOy6VKJqueWdcQ=
github.com/moby/go-archive v0.1.0/go.mod h1:G9B+YoujNohJmrIYFBpSd54GTUB4lt9S+xVQvsJyFuo=
github.com/moby/patternmatcher v0.6.0 h1:GmP9lR19aU5GqSSFko+5pRqHi+Ohk1O69aFiKkVGiPk=
github.com/moby/patternmatcher v0.6.0/go.mod h1:hDPoyOpDY7OrrMDLaYoY3hf52gNCR/YOUYxkhApJIxc=
github.com/moby/sys/sequential v0.6.0 h1:qrx7XFUd/5DxtqcoH1h438hF5TmOvzC/lspjy7zgvCU=
github.com/moby/sys/sequential v0.6.0/go.mod h1:uyv8EUTrca5PnDsdMGXhZe6CCe8U/UiTWd+lL+7b/Ko=
github.com/moby/sys/user v0.4.0 h1:jhcMKit7SA80hivmFJcbB1vqmw//wU61Zdui2eQXuMs=
github.com/moby/sys/user v0.4.0/go.mod h1:bG+tYYYJgaMtRKgEmuueC0hJEAZWwtIbZTB+85uoHjs=
github.com/moby/sys/userns v0.1.0 h1:tVLXkFOxVu9A64/yh59slHVv9ahO9UIev4JZusOLG/g=
github.com/moby/sys/userns v0.1.0/go.mod h1:IHUYgu/kao6N8YZlp9Cf444ySSvCmDlmzUcYfDHOl28=
github.com/moby/term v0.0.0-20221205130635-1aeaba878587 h1:HfkjXDfhgVaN5rmueG8cL8KKeFNecRCXFhaJ2qZ5SKA=
github.com/moby/term v0.0.0-20221205130635-1aeaba878587/go.mod h1:8FzsFHVUBGZdbDsJw/ot+X+d5HLUbvklYLJ9uGfcI3Y=
github.com/morikuni/aec v1.0.0 h1:nP9CBfwrvYnBRgY6qfDQkygYDmYwOilePFkwzv4dU8A=
github.com/morikuni/aec v1.0.0/go.mod h1:BbKIizmSmc5MMPqRYbxO4ZU0S0+P200+tUnFx7PXmsc=
github.com/opencontainers/go-digest v1.0.0 h1:apOUWs51W5PlhuyGyz9FCeeBIOUDA/6nW8Oi/yOhh5U=
github.com/opencontainers/go-digest v1.0.0/go.mod h1:0JzlMkj0TRzQZfJkVvzbP0HBR3IKzErnv2BNG4W4MAM=
github.com/opencontainers/image-spec v1.1.1 h1:y0fUlFfIZhPF1W537XOLg0/fcx6zcHCJwooC2xJA040=
github.com/opencontainers/image-spec v1.1.1/go.mod h1:qpqAh3Dmcf36wStyyWU+kCeDgrGnAve2nCC8+7h8Q0M=
github.com/pmezard/go-difflib v1.0.0 h1:4DBwDE0NGyQoBHbLQYPwSUPoCMWR5BEzIk/f1lZbAQM=
github.com/pmezard/go-difflib v1.0.0/go.mod h1:iKH77koFhYxTK1pcRnkKkqfTogsbg7gZNVY4sRDYZ/4=
github.com/ryanuber/go-glob v1.0.0 h1:iQh3xXAumdQ+4Ufa5b25cRpC5TYKlno6hsv6Cb3pkBk=
github.com/ryanuber/go-glob v1.0.0/go.mod h1:807d1WSdnB0XRJzKNil9Om6lcp/3a0v4qIHxIXzX/Yc=
github.com/sirupsen/logrus v1.9.3 h1:dueUQJ1C2q9oE3F7wvmSGAaVtTmUizReu6fjN8uqzbQ=
github.com/sirupsen/logrus v1.9.3/go.mod h1:naHLuLoDiP4jHNo9R0sCBMtWGeIprob74mVsIT4qYEQ=
github.com/stretchr/objx v0.1.0/go.mod h1:HFkY916IF+rwdDfMAkV7OtwuqBVzrE8GR6GFx+wExME=
github.com/stretchr/testify v1.7.0/go.mod h1:6Fq8oRcR53rry900zMqJjRRixrwX3KX962/h/Wwjteg=
github.com/stretchr/testify v1.10.0 h1:Xv5erBjTwe/5IxqUQTdXv5kgmIvbHo3QQyRwhJsOfJA=
github.com/stretchr/testify v1.10.0/go.mod h1:r2ic/lqez/lEtzL7wO/rwa5dbSLXVDPFyf8C91i36aY=
github.com/vbatts/tar-split v0.12.2 h1:w/Y6tjxpeiFMR47yzZPlPj/FcPLpXbTUi/9H7d3CPa4=
github.com/vbatts/tar-split v0.12.2/go.mod h1:eF6B6i6ftWQcDqEn3/iGFRFRo8cBIMSJVOpnNdfTMFA=
golang.org/x/sync v0.18.0 h1:kr88TuHDroi+UVf+0hZnirlk8o8T+4MrK6mr60WkH/I=
golang.org/x/sync v0.18.0/go.mod h1:9KTHXmSnoGruLpwFjVSX0lNNA75CykiMECbovNTZqGI=
golang.org/x/sys v0.0.0-20210616094352-59db8d763f22/go.mod h1:oPkhp1MJrh7nUepCBck5+mAzfO9JrbApNNgaTdGDITg=
golang.org/x/sys v0.0.0-20220715151400-c0bba94af5f8/go.mod h1:oPkhp1MJrh7nUepCBck5+mAzfO9JrbApNNgaTdGDITg=
golang.org/x/sys v0.38.0 h1:3yZWxaJjBmCWXqhN1qh02AkOnCQ1poK6oF+a7xWL6Gc=
golang.org/x/sys v0.38.0/go.mod h1:OgkHotnGiDImocRcuBABYBEXf8A9a87e/uXjp9XT3ks=
golang.org/x/term v0.23.0 h1:F6D4vR+EHoL9/sWAWgAR1H2DcHr4PareCbAaCo1RpuU=
golang.org/x/term v0.23.0/go.mod h1:DgV24QBUrK6jhZXl+20l6UWznPlwAHm1Q1mGHtydmSk=
golang.org/x/xerrors v0.0.0-20191204190536-9bdfabe68543/go.mod h1:I/5z698sn9Ka8TeJc9MKroUUfqBBauWjQqLJ2OPfmY0=
gopkg.in/check.v1 v0.0.0-20161208181325-20d25e280405 h1:yhCVgyC4o1eVCa2tZl7eS0r+SDo693bJlVdllGtEeKM=
gopkg.in/check.v1 v0.0.0-20161208181325-20d25e280405/go.mod h1:Co6ibVJAznAaIkqp8huTwlJQCZ016jof/cbN4VW5Yz0=
gopkg.in/yaml.v2 v2.2.8/go.mod h1:hI93XBmqTisBFMUTm0b8Fm+jr3Dg1NNxqwp+5A1VGuI=
gopkg.in/yaml.v2 v2.4.0 h1:D8xgwECY7CYvx+Y2n4sBz93Jn9JRvxdiyyo8CTfuKaY=
gopkg.in/yaml.v2 v2.4.0/go.mod h1:RDklbk79AGWmwhnvt/jBztapEOGDOx6ZbXqjP6csGnQ=
gopkg.in/yaml.v3 v3.0.0-20200313102051-9f266ea9e77c/go.mod h1:K4uyk7z7BCEPqu6E+C64Yfv1cQ7kz7rIZviUmN+EgEM=
gopkg.in/yaml.v3 v3.0.1 h1:fxVm/GzAzEWqLHuvctI91KS9hhNmmWOoWu0XTYJS7CA=
gopkg.in/yaml.v3 v3.0.1/go.mod h1:K4uyk7z7BCEPqu6E+C64Yfv1cQ7kz7rIZviUmN+EgEM=
gotest.tools/v3 v3.5.2 h1:7koQfIKdy+I8UTetycgUqXWSDwpgv193Ka+qRsmBY8Q=
gotest.tools/v3 v3.5.2/go.mod h1:LtdLGcnqToBH83WByAAi/wiwSFCArdFIUV/xxN4pcjA=
